// !$*UTF8*$!
{
	archiveVersion = 1;
	classes = {
	};
	objectVersion = 46;
	objects = {

/* Begin PBXBuildFile section */
		019A2F7C1CA8D6B800714B66 /* AppDelegate.swift in Sources */ = {isa = PBXBuildFile; fileRef = 019A2F7B1CA8D6B800714B66 /* AppDelegate.swift */; };
		019A2F7E1CA8D6B800714B66 /* ViewController.swift in Sources */ = {isa = PBXBuildFile; fileRef = 019A2F7D1CA8D6B800714B66 /* ViewController.swift */; };
		019A2F811CA8D6B800714B66 /* Main.storyboard in Resources */ = {isa = PBXBuildFile; fileRef = 019A2F7F1CA8D6B800714B66 /* Main.storyboard */; };
		019A2F831CA8D6B800714B66 /* Assets.xcassets in Resources */ = {isa = PBXBuildFile; fileRef = 019A2F821CA8D6B800714B66 /* Assets.xcassets */; };
		019A2F861CA8D6B800714B66 /* LaunchScreen.storyboard in Resources */ = {isa = PBXBuildFile; fileRef = 019A2F841CA8D6B800714B66 /* LaunchScreen.storyboard */; };
		019A2F911CA8D6B800714B66 /* MenPhotoMasterTests.swift in Sources */ = {isa = PBXBuildFile; fileRef = 019A2F901CA8D6B800714B66 /* MenPhotoMasterTests.swift */; };
		019A2F9C1CA8D6B800714B66 /* MenPhotoMasterUITests.swift in Sources */ = {isa = PBXBuildFile; fileRef = 019A2F9B1CA8D6B800714B66 /* MenPhotoMasterUITests.swift */; };
		01E3319A1CAA5B0500E41395 /* CenterViewController.swift in Sources */ = {isa = PBXBuildFile; fileRef = 01E331991CAA5B0500E41395 /* CenterViewController.swift */; };
		01E3319C1CAA9ECB00E41395 /* 壁紙.png in Resources */ = {isa = PBXBuildFile; fileRef = 01E3319B1CAA9ECB00E41395 /* 壁紙.png */; };
		01E3319E1CAAFF4500E41395 /* 壁紙2.png in Resources */ = {isa = PBXBuildFile; fileRef = 01E3319D1CAAFF4500E41395 /* 壁紙2.png */; };
/* End PBXBuildFile section */

/* Begin PBXContainerItemProxy section */
		019A2F8D1CA8D6B800714B66 /* PBXContainerItemProxy */ = {
			isa = PBXContainerItemProxy;
			containerPortal = 019A2F701CA8D6B800714B66 /* Project object */;
			proxyType = 1;
			remoteGlobalIDString = 019A2F771CA8D6B800714B66;
			remoteInfo = MenPhotoMaster;
		};
		019A2F981CA8D6B800714B66 /* PBXContainerItemProxy */ = {
			isa = PBXContainerItemProxy;
			containerPortal = 019A2F701CA8D6B800714B66 /* Project object */;
			proxyType = 1;
			remoteGlobalIDString = 019A2F771CA8D6B800714B66;
			remoteInfo = MenPhotoMaster;
		};
/* End PBXContainerItemProxy section */

/* Begin PBXFileReference section */
		019A2F781CA8D6B800714B66 /* MenPhotoMaster.app */ = {isa = PBXFileReference; explicitFileType = wrapper.application; includeInIndex = 0; path = MenPhotoMaster.app; sourceTree = BUILT_PRODUCTS_DIR; };
		019A2F7B1CA8D6B800714B66 /* AppDelegate.swift */ = {isa = PBXFileReference; lastKnownFileType = sourcecode.swift; path = AppDelegate.swift; sourceTree = "<group>"; };
		019A2F7D1CA8D6B800714B66 /* ViewController.swift */ = {isa = PBXFileReference; lastKnownFileType = sourcecode.swift; path = ViewController.swift; sourceTree = "<group>"; };
		019A2F801CA8D6B800714B66 /* Base */ = {isa = PBXFileReference; lastKnownFileType = file.storyboard; name = Base; path = Base.lproj/Main.storyboard; sourceTree = "<group>"; };
		019A2F821CA8D6B800714B66 /* Assets.xcassets */ = {isa = PBXFileReference; lastKnownFileType = folder.assetcatalog; path = Assets.xcassets; sourceTree = "<group>"; };
		019A2F851CA8D6B800714B66 /* Base */ = {isa = PBXFileReference; lastKnownFileType = file.storyboard; name = Base; path = Base.lproj/LaunchScreen.storyboard; sourceTree = "<group>"; };
		019A2F871CA8D6B800714B66 /* Info.plist */ = {isa = PBXFileReference; lastKnownFileType = text.plist.xml; path = Info.plist; sourceTree = "<group>"; };
		019A2F8C1CA8D6B800714B66 /* MenPhotoMasterTests.xctest */ = {isa = PBXFileReference; explicitFileType = wrapper.cfbundle; includeInIndex = 0; path = MenPhotoMasterTests.xctest; sourceTree = BUILT_PRODUCTS_DIR; };
		019A2F901CA8D6B800714B66 /* MenPhotoMasterTests.swift */ = {isa = PBXFileReference; lastKnownFileType = sourcecode.swift; path = MenPhotoMasterTests.swift; sourceTree = "<group>"; };
		019A2F921CA8D6B800714B66 /* Info.plist */ = {isa = PBXFileReference; lastKnownFileType = text.plist.xml; path = Info.plist; sourceTree = "<group>"; };
		019A2F971CA8D6B800714B66 /* MenPhotoMasterUITests.xctest */ = {isa = PBXFileReference; explicitFileType = wrapper.cfbundle; includeInIndex = 0; path = MenPhotoMasterUITests.xctest; sourceTree = BUILT_PRODUCTS_DIR; };
		019A2F9B1CA8D6B800714B66 /* MenPhotoMasterUITests.swift */ = {isa = PBXFileReference; lastKnownFileType = sourcecode.swift; path = MenPhotoMasterUITests.swift; sourceTree = "<group>"; };
		019A2F9D1CA8D6B800714B66 /* Info.plist */ = {isa = PBXFileReference; lastKnownFileType = text.plist.xml; path = Info.plist; sourceTree = "<group>"; };
		01E331991CAA5B0500E41395 /* CenterViewController.swift */ = {isa = PBXFileReference; fileEncoding = 4; lastKnownFileType = sourcecode.swift; name = CenterViewController.swift; path = ../CenterViewController.swift; sourceTree = "<group>"; };
		01E3319B1CAA9ECB00E41395 /* 壁紙.png */ = {isa = PBXFileReference; lastKnownFileType = image.png; path = "壁紙.png"; sourceTree = "<group>"; };
		01E3319D1CAAFF4500E41395 /* 壁紙2.png */ = {isa = PBXFileReference; lastKnownFileType = image.png; path = "壁紙2.png"; sourceTree = "<group>"; };
/* End PBXFileReference section */

/* Begin PBXFrameworksBuildPhase section */
		019A2F751CA8D6B800714B66 /* Frameworks */ = {
			isa = PBXFrameworksBuildPhase;
			buildActionMask = 2147483647;
			files = (
			);
			runOnlyForDeploymentPostprocessing = 0;
		};
		019A2F891CA8D6B800714B66 /* Frameworks */ = {
			isa = PBXFrameworksBuildPhase;
			buildActionMask = 2147483647;
			files = (
			);
			runOnlyForDeploymentPostprocessing = 0;
		};
		019A2F941CA8D6B800714B66 /* Frameworks */ = {
			isa = PBXFrameworksBuildPhase;
			buildActionMask = 2147483647;
			files = (
			);
			runOnlyForDeploymentPostprocessing = 0;
		};
/* End PBXFrameworksBuildPhase section */

/* Begin PBXGroup section */
		019A2F6F1CA8D6B800714B66 = {
			isa = PBXGroup;
			children = (
				019A2F7A1CA8D6B800714B66 /* MenPhotoMaster */,
				019A2F8F1CA8D6B800714B66 /* MenPhotoMasterTests */,
				019A2F9A1CA8D6B800714B66 /* MenPhotoMasterUITests */,
				019A2F791CA8D6B800714B66 /* Products */,
			);
			sourceTree = "<group>";
		};
		019A2F791CA8D6B800714B66 /* Products */ = {
			isa = PBXGroup;
			children = (
				019A2F781CA8D6B800714B66 /* MenPhotoMaster.app */,
				019A2F8C1CA8D6B800714B66 /* MenPhotoMasterTests.xctest */,
				019A2F971CA8D6B800714B66 /* MenPhotoMasterUITests.xctest */,
			);
			name = Products;
			sourceTree = "<group>";
		};
		019A2F7A1CA8D6B800714B66 /* MenPhotoMaster */ = {
			isa = PBXGroup;
			children = (
				01E3319B1CAA9ECB00E41395 /* 壁紙.png */,
				01E3319D1CAAFF4500E41395 /* 壁紙2.png */,
				019A2F7B1CA8D6B800714B66 /* AppDelegate.swift */,
				019A2F7D1CA8D6B800714B66 /* ViewController.swift */,
				01E331991CAA5B0500E41395 /* CenterViewController.swift */,
				019A2F7F1CA8D6B800714B66 /* Main.storyboard */,
				019A2F821CA8D6B800714B66 /* Assets.xcassets */,
				019A2F841CA8D6B800714B66 /* LaunchScreen.storyboard */,
				019A2F871CA8D6B800714B66 /* Info.plist */,
			);
			path = MenPhotoMaster;
			sourceTree = "<group>";
		};
		019A2F8F1CA8D6B800714B66 /* MenPhotoMasterTests */ = {
			isa = PBXGroup;
			children = (
				019A2F901CA8D6B800714B66 /* MenPhotoMasterTests.swift */,
				019A2F921CA8D6B800714B66 /* Info.plist */,
			);
			path = MenPhotoMasterTests;
			sourceTree = "<group>";
		};
		019A2F9A1CA8D6B800714B66 /* MenPhotoMasterUITests */ = {
			isa = PBXGroup;
			children = (
				019A2F9B1CA8D6B800714B66 /* MenPhotoMasterUITests.swift */,
				019A2F9D1CA8D6B800714B66 /* Info.plist */,
			);
			path = MenPhotoMasterUITests;
			sourceTree = "<group>";
		};
/* End PBXGroup section */

/* Begin PBXNativeTarget section */
		019A2F771CA8D6B800714B66 /* MenPhotoMaster */ = {
			isa = PBXNativeTarget;
			buildConfigurationList = 019A2FA01CA8D6B800714B66 /* Build configuration list for PBXNativeTarget "MenPhotoMaster" */;
			buildPhases = (
				019A2F741CA8D6B800714B66 /* Sources */,
				019A2F751CA8D6B800714B66 /* Frameworks */,
				019A2F761CA8D6B800714B66 /* Resources */,
			);
			buildRules = (
			);
			dependencies = (
			);
			name = MenPhotoMaster;
			productName = MenPhotoMaster;
			productReference = 019A2F781CA8D6B800714B66 /* MenPhotoMaster.app */;
			productType = "com.apple.product-type.application";
		};
		019A2F8B1CA8D6B800714B66 /* MenPhotoMasterTests */ = {
			isa = PBXNativeTarget;
			buildConfigurationList = 019A2FA31CA8D6B800714B66 /* Build configuration list for PBXNativeTarget "MenPhotoMasterTests" */;
			buildPhases = (
				019A2F881CA8D6B800714B66 /* Sources */,
				019A2F891CA8D6B800714B66 /* Frameworks */,
				019A2F8A1CA8D6B800714B66 /* Resources */,
			);
			buildRules = (
			);
			dependencies = (
				019A2F8E1CA8D6B800714B66 /* PBXTargetDependency */,
			);
			name = MenPhotoMasterTests;
			productName = MenPhotoMasterTests;
			productReference = 019A2F8C1CA8D6B800714B66 /* MenPhotoMasterTests.xctest */;
			productType = "com.apple.product-type.bundle.unit-test";
		};
		019A2F961CA8D6B800714B66 /* MenPhotoMasterUITests */ = {
			isa = PBXNativeTarget;
			buildConfigurationList = 019A2FA61CA8D6B800714B66 /* Build configuration list for PBXNativeTarget "MenPhotoMasterUITests" */;
			buildPhases = (
				019A2F931CA8D6B800714B66 /* Sources */,
				019A2F941CA8D6B800714B66 /* Frameworks */,
				019A2F951CA8D6B800714B66 /* Resources */,
			);
			buildRules = (
			);
			dependencies = (
				019A2F991CA8D6B800714B66 /* PBXTargetDependency */,
			);
			name = MenPhotoMasterUITests;
			productName = MenPhotoMasterUITests;
			productReference = 019A2F971CA8D6B800714B66 /* MenPhotoMasterUITests.xctest */;
			productType = "com.apple.product-type.bundle.ui-testing";
		};
/* End PBXNativeTarget section */

/* Begin PBXProject section */
		019A2F701CA8D6B800714B66 /* Project object */ = {
			isa = PBXProject;
			attributes = {
				LastSwiftUpdateCheck = 0730;
				LastUpgradeCheck = 0730;
				ORGANIZATIONNAME = "柴田　樹希";
				TargetAttributes = {
					019A2F771CA8D6B800714B66 = {
						CreatedOnToolsVersion = 7.3;
					};
					019A2F8B1CA8D6B800714B66 = {
						CreatedOnToolsVersion = 7.3;
						TestTargetID = 019A2F771CA8D6B800714B66;
					};
					019A2F961CA8D6B800714B66 = {
						CreatedOnToolsVersion = 7.3;
						TestTargetID = 019A2F771CA8D6B800714B66;
					};
				};
			};
			buildConfigurationList = 019A2F731CA8D6B800714B66 /* Build configuration list for PBXProject "MenPhotoMaster" */;
			compatibilityVersion = "Xcode 3.2";
			developmentRegion = English;
			hasScannedForEncodings = 0;
			knownRegions = (
				en,
				Base,
			);
			mainGroup = 019A2F6F1CA8D6B800714B66;
			productRefGroup = 019A2F791CA8D6B800714B66 /* Products */;
			projectDirPath = "";
			projectRoot = "";
			targets = (
				019A2F771CA8D6B800714B66 /* MenPhotoMaster */,
				019A2F8B1CA8D6B800714B66 /* MenPhotoMasterTests */,
				019A2F961CA8D6B800714B66 /* MenPhotoMasterUITests */,
			);
		};
/* End PBXProject section */

/* Begin PBXResourcesBuildPhase section */
		019A2F761CA8D6B800714B66 /* Resources */ = {
			isa = PBXResourcesBuildPhase;
			buildActionMask = 2147483647;
			files = (
				019A2F861CA8D6B800714B66 /* LaunchScreen.storyboard in Resources */,
				019A2F831CA8D6B800714B66 /* Assets.xcassets in Resources */,
				019A2F811CA8D6B800714B66 /* Main.storyboard in Resources */,
				01E3319C1CAA9ECB00E41395 /* 壁紙.png in Resources */,
				01E3319E1CAAFF4500E41395 /* 壁紙2.png in Resources */,
			);
			runOnlyForDeploymentPostprocessing = 0;
		};
		019A2F8A1CA8D6B800714B66 /* Resources */ = {
			isa = PBXResourcesBuildPhase;
			buildActionMask = 2147483647;
			files = (
			);
			runOnlyForDeploymentPostprocessing = 0;
		};
		019A2F951CA8D6B800714B66 /* Resources */ = {
			isa = PBXResourcesBuildPhase;
			buildActionMask = 2147483647;
			files = (
			);
			runOnlyForDeploymentPostprocessing = 0;
		};
/* End PBXResourcesBuildPhase section */

/* Begin PBXSourcesBuildPhase section */
		019A2F741CA8D6B800714B66 /* Sources */ = {
			isa = PBXSourcesBuildPhase;
			buildActionMask = 2147483647;
			files = (
				01E3319A1CAA5B0500E41395 /* CenterViewController.swift in Sources */,
				019A2F7E1CA8D6B800714B66 /* ViewController.swift in Sources */,
				019A2F7C1CA8D6B800714B66 /* AppDelegate.swift in Sources */,
			);
			runOnlyForDeploymentPostprocessing = 0;
		};
		019A2F881CA8D6B800714B66 /* Sources */ = {
			isa = PBXSourcesBuildPhase;
			buildActionMask = 2147483647;
			files = (
				019A2F911CA8D6B800714B66 /* MenPhotoMasterTests.swift in Sources */,
			);
			runOnlyForDeploymentPostprocessing = 0;
		};
		019A2F931CA8D6B800714B66 /* Sources */ = {
			isa = PBXSourcesBuildPhase;
			buildActionMask = 2147483647;
			files = (
				019A2F9C1CA8D6B800714B66 /* MenPhotoMasterUITests.swift in Sources */,
			);
			runOnlyForDeploymentPostprocessing = 0;
		};
/* End PBXSourcesBuildPhase section */

/* Begin PBXTargetDependency section */
		019A2F8E1CA8D6B800714B66 /* PBXTargetDependency */ = {
			isa = PBXTargetDependency;
			target = 019A2F771CA8D6B800714B66 /* MenPhotoMaster */;
			targetProxy = 019A2F8D1CA8D6B800714B66 /* PBXContainerItemProxy */;
		};
		019A2F991CA8D6B800714B66 /* PBXTargetDependency */ = {
			isa = PBXTargetDependency;
			target = 019A2F771CA8D6B800714B66 /* MenPhotoMaster */;
			targetProxy = 019A2F981CA8D6B800714B66 /* PBXContainerItemProxy */;
		};
/* End PBXTargetDependency section */

/* Begin PBXVariantGroup section */
		019A2F7F1CA8D6B800714B66 /* Main.storyboard */ = {
			isa = PBXVariantGroup;
			children = (
				019A2F801CA8D6B800714B66 /* Base */,
			);
			name = Main.storyboard;
			sourceTree = "<group>";
		};
		019A2F841CA8D6B800714B66 /* LaunchScreen.storyboard */ = {
			isa = PBXVariantGroup;
			children = (
				019A2F851CA8D6B800714B66 /* Base */,
			);
			name = LaunchScreen.storyboard;
			sourceTree = "<group>";
		};
/* End PBXVariantGroup section */

/* Begin XCBuildConfiguration section */
		019A2F9E1CA8D6B800714B66 /* Debug */ = {
			isa = XCBuildConfiguration;
			buildSettings = {
				ALWAYS_SEARCH_USER_PATHS = NO;
				CLANG_ANALYZER_NONNULL = YES;
				CLANG_CXX_LANGUAGE_STANDARD = "gnu++0x";
				CLANG_CXX_LIBRARY = "libc++";
				CLANG_ENABLE_MODULES = YES;
				CLANG_ENABLE_OBJC_ARC = YES;
				CLANG_WARN_BOOL_CONVERSION = YES;
				CLANG_WARN_CONSTANT_CONVERSION = YES;
				CLANG_WARN_DIRECT_OBJC_ISA_USAGE = YES_ERROR;
				CLANG_WARN_EMPTY_BODY = YES;
				CLANG_WARN_ENUM_CONVERSION = YES;
				CLANG_WARN_INT_CONVERSION = YES;
				CLANG_WARN_OBJC_ROOT_CLASS = YES_ERROR;
				CLANG_WARN_UNREACHABLE_CODE = YES;
				CLANG_WARN__DUPLICATE_METHOD_MATCH = YES;
				"CODE_SIGN_IDENTITY[sdk=iphoneos*]" = "iPhone Developer";
				COPY_PHASE_STRIP = NO;
				DEBUG_INFORMATION_FORMAT = dwarf;
				ENABLE_STRICT_OBJC_MSGSEND = YES;
				ENABLE_TESTABILITY = YES;
				GCC_C_LANGUAGE_STANDARD = gnu99;
				GCC_DYNAMIC_NO_PIC = NO;
				GCC_NO_COMMON_BLOCKS = YES;
				GCC_OPTIMIZATION_LEVEL = 0;
				GCC_PREPROCESSOR_DEFINITIONS = (
					"DEBUG=1",
					"$(inherited)",
				);
				GCC_WARN_64_TO_32_BIT_CONVERSION = YES;
				GCC_WARN_ABOUT_RETURN_TYPE = YES_ERROR;
				GCC_WARN_UNDECLARED_SELECTOR = YES;
				GCC_WARN_UNINITIALIZED_AUTOS = YES_AGGRESSIVE;
				GCC_WARN_UNUSED_FUNCTION = YES;
				GCC_WARN_UNUSED_VARIABLE = YES;
				IPHONEOS_DEPLOYMENT_TARGET = 9.3;
				MTL_ENABLE_DEBUG_INFO = YES;
				ONLY_ACTIVE_ARCH = YES;
				SDKROOT = iphoneos;
				SWIFT_OPTIMIZATION_LEVEL = "-Onone";
			};
			name = Debug;
		};
		019A2F9F1CA8D6B800714B66 /* Release */ = {
			isa = XCBuildConfiguration;
			buildSettings = {
				ALWAYS_SEARCH_USER_PATHS = NO;
				CLANG_ANALYZER_NONNULL = YES;
				CLANG_CXX_LANGUAGE_STANDARD = "gnu++0x";
				CLANG_CXX_LIBRARY = "libc++";
				CLANG_ENABLE_MODULES = YES;
				CLANG_ENABLE_OBJC_ARC = YES;
				CLANG_WARN_BOOL_CONVERSION = YES;
				CLANG_WARN_CONSTANT_CONVERSION = YES;
				CLANG_WARN_DIRECT_OBJC_ISA_USAGE = YES_ERROR;
				CLANG_WARN_EMPTY_BODY = YES;
				CLANG_WARN_ENUM_CONVERSION = YES;
				CLANG_WARN_INT_CONVERSION = YES;
				CLANG_WARN_OBJC_ROOT_CLASS = YES_ERROR;
				CLANG_WARN_UNREACHABLE_CODE = YES;
				CLANG_WARN__DUPLICATE_METHOD_MATCH = YES;
				"CODE_SIGN_IDENTITY[sdk=iphoneos*]" = "iPhone Developer";
				COPY_PHASE_STRIP = NO;
				DEBUG_INFORMATION_FORMAT = "dwarf-with-dsym";
				ENABLE_NS_ASSERTIONS = NO;
				ENABLE_STRICT_OBJC_MSGSEND = YES;
				GCC_C_LANGUAGE_STANDARD = gnu99;
				GCC_NO_COMMON_BLOCKS = YES;
				GCC_WARN_64_TO_32_BIT_CONVERSION = YES;
				GCC_WARN_ABOUT_RETURN_TYPE = YES_ERROR;
				GCC_WARN_UNDECLARED_SELECTOR = YES;
				GCC_WARN_UNINITIALIZED_AUTOS = YES_AGGRESSIVE;
				GCC_WARN_UNUSED_FUNCTION = YES;
				GCC_WARN_UNUSED_VARIABLE = YES;
				IPHONEOS_DEPLOYMENT_TARGET = 9.3;
				MTL_ENABLE_DEBUG_INFO = NO;
				SDKROOT = iphoneos;
				VALIDATE_PRODUCT = YES;
			};
			name = Release;
		};
		019A2FA11CA8D6B800714B66 /* Debug */ = {
			isa = XCBuildConfiguration;
			buildSettings = {
				ASSETCATALOG_COMPILER_APPICON_NAME = AppIcon;
				INFOPLIST_FILE = MenPhotoMaster/Info.plist;
				IPHONEOS_DEPLOYMENT_TARGET = 9.3;
				LD_RUNPATH_SEARCH_PATHS = "$(inherited) @executable_path/Frameworks";
				PRODUCT_BUNDLE_IDENTIFIER = com.litech.MenPhotoMaster;
				PRODUCT_NAME = "$(TARGET_NAME)";
			};
			name = Debug;
		};
		019A2FA21CA8D6B800714B66 /* Release */ = {
			isa = XCBuildConfiguration;
			buildSettings = {
				ASSETCATALOG_COMPILER_APPICON_NAME = AppIcon;
				INFOPLIST_FILE = MenPhotoMaster/Info.plist;
				IPHONEOS_DEPLOYMENT_TARGET = 9.3;
				LD_RUNPATH_SEARCH_PATHS = "$(inherited) @executable_path/Frameworks";
				PRODUCT_BUNDLE_IDENTIFIER = com.litech.MenPhotoMaster;
				PRODUCT_NAME = "$(TARGET_NAME)";
			};
			name = Release;
		};
		019A2FA41CA8D6B800714B66 /* Debug */ = {
			isa = XCBuildConfiguration;
			buildSettings = {
				BUNDLE_LOADER = "$(TEST_HOST)";
				INFOPLIST_FILE = MenPhotoMasterTests/Info.plist;
				LD_RUNPATH_SEARCH_PATHS = "$(inherited) @executable_path/Frameworks @loader_path/Frameworks";
				PRODUCT_BUNDLE_IDENTIFIER = com.litech.MenPhotoMasterTests;
				PRODUCT_NAME = "$(TARGET_NAME)";
				TEST_HOST = "$(BUILT_PRODUCTS_DIR)/MenPhotoMaster.app/MenPhotoMaster";
			};
			name = Debug;
		};
		019A2FA51CA8D6B800714B66 /* Release */ = {
			isa = XCBuildConfiguration;
			buildSettings = {
				BUNDLE_LOADER = "$(TEST_HOST)";
				INFOPLIST_FILE = MenPhotoMasterTests/Info.plist;
				LD_RUNPATH_SEARCH_PATHS = "$(inherited) @executable_path/Frameworks @loader_path/Frameworks";
				PRODUCT_BUNDLE_IDENTIFIER = com.litech.MenPhotoMasterTests;
				PRODUCT_NAME = "$(TARGET_NAME)";
				TEST_HOST = "$(BUILT_PRODUCTS_DIR)/MenPhotoMaster.app/MenPhotoMaster";
			};
			name = Release;
		};
		019A2FA71CA8D6B800714B66 /* Debug */ = {
			isa = XCBuildConfiguration;
			buildSettings = {
				INFOPLIST_FILE = MenPhotoMasterUITests/Info.plist;
				LD_RUNPATH_SEARCH_PATHS = "$(inherited) @executable_path/Frameworks @loader_path/Frameworks";
				PRODUCT_BUNDLE_IDENTIFIER = com.litech.MenPhotoMasterUITests;
				PRODUCT_NAME = "$(TARGET_NAME)";
				TEST_TARGET_NAME = MenPhotoMaster;
			};
			name = Debug;
		};
		019A2FA81CA8D6B800714B66 /* Release */ = {
			isa = XCBuildConfiguration;
			buildSettings = {
				INFOPLIST_FILE = MenPhotoMasterUITests/Info.plist;
				LD_RUNPATH_SEARCH_PATHS = "$(inherited) @executable_path/Frameworks @loader_path/Frameworks";
				PRODUCT_BUNDLE_IDENTIFIER = com.litech.MenPhotoMasterUITests;
				PRODUCT_NAME = "$(TARGET_NAME)";
				TEST_TARGET_NAME = MenPhotoMaster;
			};
			name = Release;
		};
/* End XCBuildConfiguration section */

/* Begin XCConfigurationList section */
		019A2F731CA8D6B800714B66 /* Build configuration list for PBXProject "MenPhotoMaster" */ = {
			isa = XCConfigurationList;
			buildConfigurations = (
				019A2F9E1CA8D6B800714B66 /* Debug */,
				019A2F9F1CA8D6B800714B66 /* Release */,
			);
			defaultConfigurationIsVisible = 0;
			defaultConfigurationName = Release;
		};
		019A2FA01CA8D6B800714B66 /* Build configuration list for PBXNativeTarget "MenPhotoMaster" */ = {
			isa = XCConfigurationList;
			buildConfigurations = (
				019A2FA11CA8D6B800714B66 /* Debug */,
				019A2FA21CA8D6B800714B66 /* Release */,
			);
			defaultConfigurationIsVisible = 0;
			defaultConfigurationName = Release;
		};
		019A2FA31CA8D6B800714B66 /* Build configuration list for PBXNativeTarget "MenPhotoMasterTests" */ = {
			isa = XCConfigurationList;
			buildConfigurations = (
				019A2FA41CA8D6B800714B66 /* Debug */,
				019A2FA51CA8D6B800714B66 /* Release */,
			);
			defaultConfigurationIsVisible = 0;
			defaultConfigurationName = Release;
		};
		019A2FA61CA8D6B800714B66 /* Build configuration list for PBXNativeTarget "MenPhotoMasterUITests" */ = {
			isa = XCConfigurationList;
			buildConfigurations = (
				019A2FA71CA8D6B800714B66 /* Debug */,
				019A2FA81CA8D6B800714B66 /* Release */,
			);
			defaultConfigurationIsVisible = 0;
			defaultConfigurationName = Release;
		};
/* End XCConfigurationList section */
	};
	rootObject = 019A2F701CA8D6B800714B66 /* Project object */;
}
